
Microsoft Visual Studio Solution File, Format Version 12.00
# Visual Studio 15
VisualStudioVersion = 15.0.33026.149
MinimumVisualStudioVersion = 10.0.40219.1
Project("{FAE04EC0-301F-11D3-BF4B-00C04F79EFBC}") = "Web_API_In_MVC", "Web_API_In_MVC\Web_API_In_MVC.csproj", "{B73221D6-85B8-4FDC-9FFB-5CB810AC66E3}"
EndProject
Global
	GlobalSection(SolutionConfigurationPlatforms) = preSolution
		Debug|Any CPU = Debug|Any CPU
		Release|Any CPU = Release|Any CPU
	EndGlobalSection
	GlobalSection(ProjectConfigurationPlatforms) = postSolution
		{B73221D6-85B8-4FDC-9FFB-5CB810AC66E3}.Debug|Any CPU.ActiveCfg = Debug|Any CPU
		{B73221D6-85B8-4FDC-9FFB-5CB810AC66E3}.Debug|Any CPU.Build.0 = Debug|Any CPU
		{B73221D6-85B8-4FDC-9FFB-5CB810AC66E3}.Release|Any CPU.ActiveCfg = Release|Any CPU
		{B73221D6-85B8-4FDC-9FFB-5CB810AC66E3}.Release|Any CPU.Build.0 = Release|Any CPU
	EndGlobalSection
	GlobalSection(SolutionProperties) = preSolution
		HideSolutionNode = FALSE
	EndGlobalSection
	GlobalSection(ExtensibilityGlobals) = postSolution
		SolutionGuid = {379A671E-80A0-4519-8B33-573282D91424}
	EndGlobalSection
EndGlobal
